
Microsoft Visual Studio Solution File, Format Version 12.00
# Visual Studio 15
VisualStudioVersion = 15.0.27703.2047
MinimumVisualStudioVersion = 10.0.40219.1
Project("{FAE04EC0-301F-11D3-BF4B-00C04F79EFBC}") = "BrandStekelorum_6IB_VeelOpVeel", "BrandStekelorum_6IB_VeelOpVeel\BrandStekelorum_6IB_VeelOpVeel.csproj", "{568F41C2-FE07-49A9-BE3E-B66F8A8DCD3B}"
EndProject
Global
	GlobalSection(SolutionConfigurationPlatforms) = preSolution
		Debug|Any CPU = Debug|Any CPU
		Release|Any CPU = Release|Any CPU
	EndGlobalSection
	GlobalSection(ProjectConfigurationPlatforms) = postSolution
		{568F41C2-FE07-49A9-BE3E-B66F8A8DCD3B}.Debug|Any CPU.ActiveCfg = Debug|Any CPU
		{568F41C2-FE07-49A9-BE3E-B66F8A8DCD3B}.Debug|Any CPU.Build.0 = Debug|Any CPU
		{568F41C2-FE07-49A9-BE3E-B66F8A8DCD3B}.Release|Any CPU.ActiveCfg = Release|Any CPU
		{568F41C2-FE07-49A9-BE3E-B66F8A8DCD3B}.Release|Any CPU.Build.0 = Release|Any CPU
	EndGlobalSection
	GlobalSection(SolutionProperties) = preSolution
		HideSolutionNode = FALSE
	EndGlobalSection
	GlobalSection(ExtensibilityGlobals) = postSolution
		SolutionGuid = {6027F0D5-42D4-4818-AE4E-8DC284C7C807}
	EndGlobalSection
EndGlobal
